
Microsoft Visual Studio Solution File, Format Version 12.00
# Visual Studio Version 17
VisualStudioVersion = 17.9.34321.82
MinimumVisualStudioVersion = 10.0.40219.1
Project("{9A19103F-16F7-4668-BE54-9A1E7A4F7556}") = "Bit.Besql.Sample", "Bit.Besql.Sample\Bit.Besql.Sample.csproj", "{697EB8B2-10B4-412C-98BF-406CAA47A2CD}"
EndProject
Project("{9A19103F-16F7-4668-BE54-9A1E7A4F7556}") = "Bit.Besql.Sample.Client", "Bit.Besql.Sample.Client\Bit.Besql.Sample.Client.csproj", "{28CE887D-692C-4A61-9586-707D4A3D593C}"
EndProject
Global
	GlobalSection(SolutionConfigurationPlatforms) = preSolution
		Debug|Any CPU = Debug|Any CPU
		Release|Any CPU = Release|Any CPU
	EndGlobalSection
	GlobalSection(ProjectConfigurationPlatforms) = postSolution
		{697EB8B2-10B4-412C-98BF-406CAA47A2CD}.Debug|Any CPU.ActiveCfg = Debug|Any CPU
		{697EB8B2-10B4-412C-98BF-406CAA47A2CD}.Debug|Any CPU.Build.0 = Debug|Any CPU
		{697EB8B2-10B4-412C-98BF-406CAA47A2CD}.Release|Any CPU.ActiveCfg = Release|Any CPU
		{697EB8B2-10B4-412C-98BF-406CAA47A2CD}.Release|Any CPU.Build.0 = Release|Any CPU
		{28CE887D-692C-4A61-9586-707D4A3D593C}.Debug|Any CPU.ActiveCfg = Debug|Any CPU
		{28CE887D-692C-4A61-9586-707D4A3D593C}.Debug|Any CPU.Build.0 = Debug|Any CPU
		{28CE887D-692C-4A61-9586-707D4A3D593C}.Release|Any CPU.ActiveCfg = Release|Any CPU
		{28CE887D-692C-4A61-9586-707D4A3D593C}.Release|Any CPU.Build.0 = Release|Any CPU
	EndGlobalSection
	GlobalSection(SolutionProperties) = preSolution
		HideSolutionNode = FALSE
	EndGlobalSection
	GlobalSection(ExtensibilityGlobals) = postSolution
		SolutionGuid = {A4474E62-EBBF-4C5C-B256-EDA41E47EDC3}
	EndGlobalSection
EndGlobal
