
Microsoft Visual Studio Solution File, Format Version 12.00
# Visual Studio Version 17
VisualStudioVersion = 17.9.34414.90
MinimumVisualStudioVersion = 10.0.40219.1
Project("{9A19103F-16F7-4668-BE54-9A1E7A4F7556}") = "Bit.Bswup.Sample", "Bit.Bswup.Sample\Bit.Bswup.Sample.csproj", "{B063B46B-37A7-4B35-B0F2-D76760DAE882}"
EndProject
Project("{9A19103F-16F7-4668-BE54-9A1E7A4F7556}") = "Bit.Bswup.Sample.Client", "Bit.Bswup.Sample.Client\Bit.Bswup.Sample.Client.csproj", "{B0BF5AA4-2693-4806-812A-4C994C86E21D}"
EndProject
Global
	GlobalSection(SolutionConfigurationPlatforms) = preSolution
		Debug|Any CPU = Debug|Any CPU
		Release|Any CPU = Release|Any CPU
	EndGlobalSection
	GlobalSection(ProjectConfigurationPlatforms) = postSolution
		{B063B46B-37A7-4B35-B0F2-D76760DAE882}.Debug|Any CPU.ActiveCfg = Debug|Any CPU
		{B063B46B-37A7-4B35-B0F2-D76760DAE882}.Debug|Any CPU.Build.0 = Debug|Any CPU
		{B063B46B-37A7-4B35-B0F2-D76760DAE882}.Release|Any CPU.ActiveCfg = Release|Any CPU
		{B063B46B-37A7-4B35-B0F2-D76760DAE882}.Release|Any CPU.Build.0 = Release|Any CPU
		{B0BF5AA4-2693-4806-812A-4C994C86E21D}.Debug|Any CPU.ActiveCfg = Debug|Any CPU
		{B0BF5AA4-2693-4806-812A-4C994C86E21D}.Debug|Any CPU.Build.0 = Debug|Any CPU
		{B0BF5AA4-2693-4806-812A-4C994C86E21D}.Release|Any CPU.ActiveCfg = Release|Any CPU
		{B0BF5AA4-2693-4806-812A-4C994C86E21D}.Release|Any CPU.Build.0 = Release|Any CPU
	EndGlobalSection
	GlobalSection(SolutionProperties) = preSolution
		HideSolutionNode = FALSE
	EndGlobalSection
	GlobalSection(ExtensibilityGlobals) = postSolution
		SolutionGuid = {D1B51607-7348-4041-ACCA-95AB85CDC3E3}
	EndGlobalSection
EndGlobal
